PODS:
  - Kiwi (2.4.0)
  - OSRESTfulClient (0.1.0)

DEPENDENCIES:
  - Kiwi
  - OSRESTfulClient (from `../`)

EXTERNAL SOURCES:
  OSRESTfulClient:
    :path: ../

SPEC CHECKSUMS:
  Kiwi: f49c9d54b28917df5928fe44968a39ed198cb8a8
  OSRESTfulClient: af7500c7bdde3405dc17d42fcb7b451ffeaf68e7

COCOAPODS: 0.38.2
