PODS:
  - AFNetworking (2.6.3):
    - AFNetworking/NSURLConnection (= 2.6.3)
    - AFNetworking/NSURLSession (= 2.6.3)
    - AFNetworking/Reachability (= 2.6.3)
    - AFNetworking/Security (= 2.6.3)
    - AFNetworking/Serialization (= 2.6.3)
    - AFNetworking/UIKit (= 2.6.3)
  - AFNetworking/NSURLConnection (2.6.3):
    - AFNetworking/Reachability
    - AFNetworking/Security
    - AFNetworking/Serialization
  - AFNetworking/NSURLSession (2.6.3):
    - AFNetworking/Reachability
    - AFNetworking/Security
    - AFNetworking/Serialization
  - AFNetworking/Reachability (2.6.3)
  - AFNetworking/Security (2.6.3)
  - AFNetworking/Serialization (2.6.3)
  - AFNetworking/UIKit (2.6.3):
    - AFNetworking/NSURLConnection
    - AFNetworking/NSURLSession
  - Bolts (1.7.0):
    - Bolts/AppLinks (= 1.7.0)
    - Bolts/Tasks (= 1.7.0)
  - Bolts/AppLinks (1.7.0):
    - Bolts/Tasks
  - Bolts/Tasks (1.7.0)
  - Kiwi (2.4.0)
  - Mantle (2.0.7):
    - Mantle/extobjc (= 2.0.7)
  - Mantle/extobjc (2.0.7)
  - OSRESTfulClient (0.5.6):
    - AFNetworking (~> 2.6.0)
    - Bolts (~> 1.7.0)
    - Mantle (~> 2.0.7)
    - RegExCategories (~> 1.0)
  - RegExCategories (1.0)

DEPENDENCIES:
  - Kiwi
  - Mantle (~> 2.0.7)
  - OSRESTfulClient (from `../`)
  - RegExCategories (~> 1.0)

EXTERNAL SOURCES:
  OSRESTfulClient:
    :path: ../

SPEC CHECKSUMS:
  AFNetworking: cb8d14a848e831097108418f5d49217339d4eb60
  Bolts: a0058fa3b331c5a1e4402d534f2dae36dbff31e4
  Kiwi: f49c9d54b28917df5928fe44968a39ed198cb8a8
  Mantle: bc40bb061d8c2c6fb48d5083e04d928c3b7f73d9
  OSRESTfulClient: cce6b7625c01236407bd57f22df2ed46090fddcf
  RegExCategories: e68befacacd5bda853c88f70ec745cb2d0cfb89c

COCOAPODS: 0.39.0
